
Microsoft Visual Studio Solution File, Format Version 12.00
# Visual Studio Version 17
VisualStudioVersion = 17.14.36414.22 d17.14
MinimumVisualStudioVersion = 10.0.40219.1
Project("{FAE04EC0-301F-11D3-BF4B-00C04F79EFBC}") = "WebApi_Estudo", "WebApi_Estudo\WebApi_Estudo.csproj", "{D313C64D-59A1-4470-8EFF-9F06FA24FAEA}"
EndProject
Global
	GlobalSection(SolutionConfigurationPlatforms) = preSolution
		Debug|Any CPU = Debug|Any CPU
		Release|Any CPU = Release|Any CPU
	EndGlobalSection
	GlobalSection(ProjectConfigurationPlatforms) = postSolution
		{D313C64D-59A1-4470-8EFF-9F06FA24FAEA}.Debug|Any CPU.ActiveCfg = Debug|Any CPU
		{D313C64D-59A1-4470-8EFF-9F06FA24FAEA}.Debug|Any CPU.Build.0 = Debug|Any CPU
		{D313C64D-59A1-4470-8EFF-9F06FA24FAEA}.Release|Any CPU.ActiveCfg = Release|Any CPU
		{D313C64D-59A1-4470-8EFF-9F06FA24FAEA}.Release|Any CPU.Build.0 = Release|Any CPU
	EndGlobalSection
	GlobalSection(SolutionProperties) = preSolution
		HideSolutionNode = FALSE
	EndGlobalSection
	GlobalSection(ExtensibilityGlobals) = postSolution
		SolutionGuid = {AAF8960A-705A-401A-82A4-0779319C8128}
	EndGlobalSection
EndGlobal
